<?xml version="1.0" encoding="UTF-8" standalone="yes" ?>
<CodeBlocks_project_file>
	<FileVersion major="1" minor="6" />
	<Project>
		<Option title="Drone Project" />
		<Option pch_mode="2" />
		<Option compiler="gcc" />
		<Build>
			<Target title="Debug">
				<Option output="bin/Debug/Drone Project" prefix_auto="1" extension_auto="1" />
				<Option object_output="obj/Debug/" />
				<Option type="1" />
				<Option compiler="gcc" />
				<Compiler>
					<Add option="-g" />
					<Add directory="Headers" />
				</Compiler>
			</Target>
			<Target title="Release">
				<Option output="bin/Release/Drone Project" prefix_auto="1" extension_auto="1" />
				<Option object_output="obj/Release/" />
				<Option type="1" />
				<Option compiler="gcc" />
				<Compiler>
					<Add option="-O2" />
				</Compiler>
			</Target>
		</Build>
		<Compiler>
			<Add option="-std=c++11" />
			<Add option="-Wall" />
		</Compiler>
		<Unit filename="src/demo.cpp" />
		<Unit filename="src/demo.h" />
		<Unit filename="src/drone.cpp" />
		<Unit filename="src/drone.h" />
		<Unit filename="src/droneinfo.cpp" />
		<Unit filename="src/droneinfo.h" />
		<Unit filename="src/main.cpp" />
		<Unit filename="src/socket.cpp" />
		<Unit filename="src/socket.h" />
		<Unit filename="src/test.cpp" />
		<Unit filename="src/vector3d.cpp" />
		<Unit filename="src/vector3d.h" />
		<Extensions>
			<code_completion />
			<envvars />
			<debugger />
			<lib_finder disable_auto="1" />
		</Extensions>
	</Project>
</CodeBlocks_project_file>
