<?xml version="1.0" encoding="UTF-8" standalone="yes" ?>
<CodeBlocks_project_file>
	<FileVersion major="1" minor="6" />
	<Project>
		<Option title="Drone Project" />
		<Option pch_mode="2" />
		<Option compiler="raspberry_pi" />
		<Build>
			<Target title="Debug">
				<Option output="bin/Debug/Drone Project" prefix_auto="1" extension_auto="1" />
				<Option object_output="obj/Debug/" />
				<Option type="1" />
				<Option compiler="raspberry_pi" />
				<Compiler>
					<Add option="-g" />
					<Add directory="Headers" />
				</Compiler>
			</Target>
			<Target title="Release">
				<Option output="bin/Release/Drone Project" prefix_auto="1" extension_auto="1" />
				<Option object_output="obj/Release/" />
				<Option type="1" />
				<Option compiler="raspberry_pi" />
				<Compiler>
					<Add option="-O2" />
				</Compiler>
			</Target>
		</Build>
		<Compiler>
			<Add option="-Wall" />
		</Compiler>
		<Unit filename="src/CCode.h" />
		<Unit filename="src/Coordinate3D.cpp" />
		<Unit filename="src/Coordinate3D.h" />
		<Unit filename="src/Demo.cpp" />
		<Unit filename="src/Demo.h" />
		<Unit filename="src/Drone.cpp" />
		<Unit filename="src/Drone.h" />
		<Unit filename="src/DroneInfo.cpp" />
		<Unit filename="src/DroneInfo.h" />
		<Unit filename="src/Main.cpp" />
		<Unit filename="src/Test.cpp" />
		<Unit filename="src/Vector3D.cpp" />
		<Unit filename="src/Vector3D.h" />
		<Extensions>
			<code_completion />
			<envvars />
			<debugger />
			<lib_finder disable_auto="1" />
		</Extensions>
	</Project>
</CodeBlocks_project_file>
